{
  "requires": true,
  "lockfileVersion": 1,
  "dependencies": {
    "@dbml/core": {
      "version": "2.3.0",
      "resolved": "https://registry.npmjs.org/@dbml/core/-/core-2.3.0.tgz",
      "integrity": "sha512-th+vtBefN1YqQenFlczrWZ/LrfaOTS2Zr8PsJGk14SOLmVZSy2Hqm6BKDYoZ0XMoqyJg7M8xiRgShD7guM20uw==",
      "requires": {
        "lodash": "^4.17.15",
        "parsimmon": "^1.13.0",
        "pluralize": "^8.0.0"
      }
    },
    "lodash": {
      "version": "4.17.21",
      "resolved": "https://registry.npmjs.org/lodash/-/lodash-4.17.21.tgz",
      "integrity": "sha512-v2kDEe57lecTulaDIuNTPy3Ry4gLGJ6Z1O3vE1krgXZNrsQ+LFTGHVxVjcXPs17LhbZVGedAJv8XZ1tvj5FvSg=="
    },
    "parsimmon": {
      "version": "1.18.0",
      "resolved": "https://registry.npmjs.org/parsimmon/-/parsimmon-1.18.0.tgz",
      "integrity": "sha512-EtVsGuQfDgwGgXzsSDe+5egRPwbcgKRd/omQ1L3Oj2pHy0gYqd+Q7zrBIQ7P/BN6DWUP9vV45HIgZHCmssdzMg=="
    },
    "pluralize": {
      "version": "8.0.0",
      "resolved": "https://registry.npmjs.org/pluralize/-/pluralize-8.0.0.tgz",
      "integrity": "sha512-Nc3IT5yHzflTfbjgqWcCPpo7DaKy4FnpB0l/zCAW0Tc7jxAiuqSxHasntB3D7887LSrA93kDJ9IXovxJYxyLCA=="
    }
  }
}
